# This file is automatically @generated by Cargo.
# It is not intended for manual editing.
version = 3

[[package]]
name = "bitvector"
version = "0.1.5"
source = "registry+https://github.com/rust-lang/crates.io-index"
checksum = "4de5fdcad0b12d843c0b535976ba5f5110ecde436161a7f3cda255674cfc28cb"

[[package]]
name = "chains_f2vect"
version = "0.1.0"
dependencies = [
 "bitvector",
]
